
Microsoft Visual Studio Solution File, Format Version 12.00
# Visual Studio 15
VisualStudioVersion = 15.0.28307.572
MinimumVisualStudioVersion = 10.0.40219.1
Project("{FAE04EC0-301F-11D3-BF4B-00C04F79EFBC}") = "ServiceRest_050_Adelina Yoga Eka Safira", "ServiceRest_050_Adelina Yoga Eka Safira\ServiceRest_050_Adelina Yoga Eka Safira.csproj", "{03943C3E-339A-49C5-A92B-2833536198E7}"
EndProject
Global
	GlobalSection(SolutionConfigurationPlatforms) = preSolution
		Debug|Any CPU = Debug|Any CPU
		Release|Any CPU = Release|Any CPU
	EndGlobalSection
	GlobalSection(ProjectConfigurationPlatforms) = postSolution
		{03943C3E-339A-49C5-A92B-2833536198E7}.Debug|Any CPU.ActiveCfg = Debug|Any CPU
		{03943C3E-339A-49C5-A92B-2833536198E7}.Debug|Any CPU.Build.0 = Debug|Any CPU
		{03943C3E-339A-49C5-A92B-2833536198E7}.Release|Any CPU.ActiveCfg = Release|Any CPU
		{03943C3E-339A-49C5-A92B-2833536198E7}.Release|Any CPU.Build.0 = Release|Any CPU
	EndGlobalSection
	GlobalSection(SolutionProperties) = preSolution
		HideSolutionNode = FALSE
	EndGlobalSection
	GlobalSection(ExtensibilityGlobals) = postSolution
		SolutionGuid = {CE86D550-4F85-4CE9-9DDE-9CB908147920}
	EndGlobalSection
EndGlobal
